// !$*UTF8*$!
{
	archiveVersion = 1;
	classes = {
	};
	objectVersion = 55;
	objects = {

/* Begin PBXBuildFile section */
		628A1B9927BDD09900A99E98 /* MovieViewController.swift in Sources */ = {isa = PBXBuildFile; fileRef = 628A1B9827BDD09900A99E98 /* MovieViewController.swift */; };
		628A1B9B27BDD89C00A99E98 /* MovieCell.swift in Sources */ = {isa = PBXBuildFile; fileRef = 628A1B9A27BDD89C00A99E98 /* MovieCell.swift */; };
		628A1B9E27BDDBE600A99E98 /* AlamofireImage in Frameworks */ = {isa = PBXBuildFile; productRef = 628A1B9D27BDDBE600A99E98 /* AlamofireImage */; };
		628A1BA027C54A7200A99E98 /* MovieDetailsViewController.swift in Sources */ = {isa = PBXBuildFile; fileRef = 628A1B9F27C54A7200A99E98 /* MovieDetailsViewController.swift */; };
		628A1BA227C5676200A99E98 /* MovieGridViewController.swift in Sources */ = {isa = PBXBuildFile; fileRef = 628A1BA127C5676200A99E98 /* MovieGridViewController.swift */; };
		628A1BA427C7039200A99E98 /* MovieGridCell.swift in Sources */ = {isa = PBXBuildFile; fileRef = 628A1BA327C7039200A99E98 /* MovieGridCell.swift */; };
		629B5A4627B734EE00DAB283 /* AppDelegate.swift in Sources */ = {isa = PBXBuildFile; fileRef = 629B5A4527B734EE00DAB283 /* AppDelegate.swift */; };
		629B5A4827B734EE00DAB283 /* SceneDelegate.swift in Sources */ = {isa = PBXBuildFile; fileRef = 629B5A4727B734EE00DAB283 /* SceneDelegate.swift */; };
		629B5A4A27B734EE00DAB283 /* ViewController.swift in Sources */ = {isa = PBXBuildFile; fileRef = 629B5A4927B734EE00DAB283 /* ViewController.swift */; };
		629B5A4D27B734EF00DAB283 /* Main.storyboard in Resources */ = {isa = PBXBuildFile; fileRef = 629B5A4B27B734EF00DAB283 /* Main.storyboard */; };
		629B5A4F27B734F400DAB283 /* Assets.xcassets in Resources */ = {isa = PBXBuildFile; fileRef = 629B5A4E27B734F400DAB283 /* Assets.xcassets */; };
		629B5A5227B734F400DAB283 /* LaunchScreen.storyboard in Resources */ = {isa = PBXBuildFile; fileRef = 629B5A5027B734F400DAB283 /* LaunchScreen.storyboard */; };
		629B5A5D27B734F500DAB283 /* FlixTests.swift in Sources */ = {isa = PBXBuildFile; fileRef = 629B5A5C27B734F500DAB283 /* FlixTests.swift */; };
		629B5A6727B734F500DAB283 /* FlixUITests.swift in Sources */ = {isa = PBXBuildFile; fileRef = 629B5A6627B734F500DAB283 /* FlixUITests.swift */; };
		629B5A6927B734F500DAB283 /* FlixUITestsLaunchTests.swift in Sources */ = {isa = PBXBuildFile; fileRef = 629B5A6827B734F500DAB283 /* FlixUITestsLaunchTests.swift */; };
/* End PBXBuildFile section */

/* Begin PBXContainerItemProxy section */
		629B5A5927B734F500DAB283 /* PBXContainerItemProxy */ = {
			isa = PBXContainerItemProxy;
			containerPortal = 629B5A3A27B734EE00DAB283 /* Project object */;
			proxyType = 1;
			remoteGlobalIDString = 629B5A4127B734EE00DAB283;
			remoteInfo = Flix;
		};
		629B5A6327B734F500DAB283 /* PBXContainerItemProxy */ = {
			isa = PBXContainerItemProxy;
			containerPortal = 629B5A3A27B734EE00DAB283 /* Project object */;
			proxyType = 1;
			remoteGlobalIDString = 629B5A4127B734EE00DAB283;
			remoteInfo = Flix;
		};
/* End PBXContainerItemProxy section */

/* Begin PBXFileReference section */
		628A1B9827BDD09900A99E98 /* MovieViewController.swift */ = {isa = PBXFileReference; lastKnownFileType = sourcecode.swift; path = MovieViewController.swift; sourceTree = "<group>"; };
		628A1B9A27BDD89C00A99E98 /* MovieCell.swift */ = {isa = PBXFileReference; lastKnownFileType = sourcecode.swift; path = MovieCell.swift; sourceTree = "<group>"; };
		628A1B9F27C54A7200A99E98 /* MovieDetailsViewController.swift */ = {isa = PBXFileReference; lastKnownFileType = sourcecode.swift; path = MovieDetailsViewController.swift; sourceTree = "<group>"; };
		628A1BA127C5676200A99E98 /* MovieGridViewController.swift */ = {isa = PBXFileReference; lastKnownFileType = sourcecode.swift; path = MovieGridViewController.swift; sourceTree = "<group>"; };
		628A1BA327C7039200A99E98 /* MovieGridCell.swift */ = {isa = PBXFileReference; lastKnownFileType = sourcecode.swift; path = MovieGridCell.swift; sourceTree = "<group>"; };
		629B5A4227B734EE00DAB283 /* Flix.app */ = {isa = PBXFileReference; explicitFileType = wrapper.application; includeInIndex = 0; path = Flix.app; sourceTree = BUILT_PRODUCTS_DIR; };
		629B5A4527B734EE00DAB283 /* AppDelegate.swift */ = {isa = PBXFileReference; lastKnownFileType = sourcecode.swift; path = AppDelegate.swift; sourceTree = "<group>"; };
		629B5A4727B734EE00DAB283 /* SceneDelegate.swift */ = {isa = PBXFileReference; lastKnownFileType = sourcecode.swift; path = SceneDelegate.swift; sourceTree = "<group>"; };
		629B5A4927B734EE00DAB283 /* ViewController.swift */ = {isa = PBXFileReference; lastKnownFileType = sourcecode.swift; path = ViewController.swift; sourceTree = "<group>"; };
		629B5A4C27B734EF00DAB283 /* Base */ = {isa = PBXFileReference; lastKnownFileType = file.storyboard; name = Base; path = Base.lproj/Main.storyboard; sourceTree = "<group>"; };
		629B5A4E27B734F400DAB283 /* Assets.xcassets */ = {isa = PBXFileReference; lastKnownFileType = folder.assetcatalog; path = Assets.xcassets; sourceTree = "<group>"; };
		629B5A5127B734F400DAB283 /* Base */ = {isa = PBXFileReference; lastKnownFileType = file.storyboard; name = Base; path = Base.lproj/LaunchScreen.storyboard; sourceTree = "<group>"; };
		629B5A5327B734F400DAB283 /* Info.plist */ = {isa = PBXFileReference; lastKnownFileType = text.plist.xml; path = Info.plist; sourceTree = "<group>"; };
		629B5A5827B734F500DAB283 /* FlixTests.xctest */ = {isa = PBXFileReference; explicitFileType = wrapper.cfbundle; includeInIndex = 0; path = FlixTests.xctest; sourceTree = BUILT_PRODUCTS_DIR; };
		629B5A5C27B734F500DAB283 /* FlixTests.swift */ = {isa = PBXFileReference; lastKnownFileType = sourcecode.swift; path = FlixTests.swift; sourceTree = "<group>"; };
		629B5A6227B734F500DAB283 /* FlixUITests.xctest */ = {isa = PBXFileReference; explicitFileType = wrapper.cfbundle; includeInIndex = 0; path = FlixUITests.xctest; sourceTree = BUILT_PRODUCTS_DIR; };
		629B5A6627B734F500DAB283 /* FlixUITests.swift */ = {isa = PBXFileReference; lastKnownFileType = sourcecode.swift; path = FlixUITests.swift; sourceTree = "<group>"; };
		629B5A6827B734F500DAB283 /* FlixUITestsLaunchTests.swift */ = {isa = PBXFileReference; lastKnownFileType = sourcecode.swift; path = FlixUITestsLaunchTests.swift; sourceTree = "<group>"; };
/* End PBXFileReference section */

/* Begin PBXFrameworksBuildPhase section */
		629B5A3F27B734EE00DAB283 /* Frameworks */ = {
			isa = PBXFrameworksBuildPhase;
			buildActionMask = 2147483647;
			files = (
				628A1B9E27BDDBE600A99E98 /* AlamofireImage in Frameworks */,
			);
			runOnlyForDeploymentPostprocessing = 0;
		};
		629B5A5527B734F500DAB283 /* Frameworks */ = {
			isa = PBXFrameworksBuildPhase;
			buildActionMask = 2147483647;
			files = (
			);
			runOnlyForDeploymentPostprocessing = 0;
		};
		629B5A5F27B734F500DAB283 /* Frameworks */ = {
			isa = PBXFrameworksBuildPhase;
			buildActionMask = 2147483647;
			files = (
			);
			runOnlyForDeploymentPostprocessing = 0;
		};
/* End PBXFrameworksBuildPhase section */

/* Begin PBXGroup section */
		629B5A3927B734EE00DAB283 = {
			isa = PBXGroup;
			children = (
				629B5A4427B734EE00DAB283 /* Flix */,
				629B5A5B27B734F500DAB283 /* FlixTests */,
				629B5A6527B734F500DAB283 /* FlixUITests */,
				629B5A4327B734EE00DAB283 /* Products */,
			);
			sourceTree = "<group>";
		};
		629B5A4327B734EE00DAB283 /* Products */ = {
			isa = PBXGroup;
			children = (
				629B5A4227B734EE00DAB283 /* Flix.app */,
				629B5A5827B734F500DAB283 /* FlixTests.xctest */,
				629B5A6227B734F500DAB283 /* FlixUITests.xctest */,
			);
			name = Products;
			sourceTree = "<group>";
		};
		629B5A4427B734EE00DAB283 /* Flix */ = {
			isa = PBXGroup;
			children = (
				629B5A4527B734EE00DAB283 /* AppDelegate.swift */,
				629B5A4727B734EE00DAB283 /* SceneDelegate.swift */,
				629B5A4927B734EE00DAB283 /* ViewController.swift */,
				629B5A4B27B734EF00DAB283 /* Main.storyboard */,
				628A1B9A27BDD89C00A99E98 /* MovieCell.swift */,
				629B5A4E27B734F400DAB283 /* Assets.xcassets */,
				629B5A5027B734F400DAB283 /* LaunchScreen.storyboard */,
				629B5A5327B734F400DAB283 /* Info.plist */,
				628A1B9827BDD09900A99E98 /* MovieViewController.swift */,
				628A1B9F27C54A7200A99E98 /* MovieDetailsViewController.swift */,
				628A1BA127C5676200A99E98 /* MovieGridViewController.swift */,
				628A1BA327C7039200A99E98 /* MovieGridCell.swift */,
			);
			path = Flix;
			sourceTree = "<group>";
		};
		629B5A5B27B734F500DAB283 /* FlixTests */ = {
			isa = PBXGroup;
			children = (
				629B5A5C27B734F500DAB283 /* FlixTests.swift */,
			);
			path = FlixTests;
			sourceTree = "<group>";
		};
		629B5A6527B734F500DAB283 /* FlixUITests */ = {
			isa = PBXGroup;
			children = (
				629B5A6627B734F500DAB283 /* FlixUITests.swift */,
				629B5A6827B734F500DAB283 /* FlixUITestsLaunchTests.swift */,
			);
			path = FlixUITests;
			sourceTree = "<group>";
		};
/* End PBXGroup section */

/* Begin PBXNativeTarget section */
		629B5A4127B734EE00DAB283 /* Flix */ = {
			isa = PBXNativeTarget;
			buildConfigurationList = 629B5A6C27B734F500DAB283 /* Build configuration list for PBXNativeTarget "Flix" */;
			buildPhases = (
				629B5A3E27B734EE00DAB283 /* Sources */,
				629B5A3F27B734EE00DAB283 /* Frameworks */,
				629B5A4027B734EE00DAB283 /* Resources */,
			);
			buildRules = (
			);
			dependencies = (
			);
			name = Flix;
			packageProductDependencies = (
				628A1B9D27BDDBE600A99E98 /* AlamofireImage */,
			);
			productName = Flix;
			productReference = 629B5A4227B734EE00DAB283 /* Flix.app */;
			productType = "com.apple.product-type.application";
		};
		629B5A5727B734F500DAB283 /* FlixTests */ = {
			isa = PBXNativeTarget;
			buildConfigurationList = 629B5A6F27B734F500DAB283 /* Build configuration list for PBXNativeTarget "FlixTests" */;
			buildPhases = (
				629B5A5427B734F500DAB283 /* Sources */,
				629B5A5527B734F500DAB283 /* Frameworks */,
				629B5A5627B734F500DAB283 /* Resources */,
			);
			buildRules = (
			);
			dependencies = (
				629B5A5A27B734F500DAB283 /* PBXTargetDependency */,
			);
			name = FlixTests;
			productName = FlixTests;
			productReference = 629B5A5827B734F500DAB283 /* FlixTests.xctest */;
			productType = "com.apple.product-type.bundle.unit-test";
		};
		629B5A6127B734F500DAB283 /* FlixUITests */ = {
			isa = PBXNativeTarget;
			buildConfigurationList = 629B5A7227B734F500DAB283 /* Build configuration list for PBXNativeTarget "FlixUITests" */;
			buildPhases = (
				629B5A5E27B734F500DAB283 /* Sources */,
				629B5A5F27B734F500DAB283 /* Frameworks */,
				629B5A6027B734F500DAB283 /* Resources */,
			);
			buildRules = (
			);
			dependencies = (
				629B5A6427B734F500DAB283 /* PBXTargetDependency */,
			);
			name = FlixUITests;
			productName = FlixUITests;
			productReference = 629B5A6227B734F500DAB283 /* FlixUITests.xctest */;
			productType = "com.apple.product-type.bundle.ui-testing";
		};
/* End PBXNativeTarget section */

/* Begin PBXProject section */
		629B5A3A27B734EE00DAB283 /* Project object */ = {
			isa = PBXProject;
			attributes = {
				BuildIndependentTargetsInParallel = 1;
				LastSwiftUpdateCheck = 1320;
				LastUpgradeCheck = 1320;
				TargetAttributes = {
					629B5A4127B734EE00DAB283 = {
						CreatedOnToolsVersion = 13.2.1;
					};
					629B5A5727B734F500DAB283 = {
						CreatedOnToolsVersion = 13.2.1;
						TestTargetID = 629B5A4127B734EE00DAB283;
					};
					629B5A6127B734F500DAB283 = {
						CreatedOnToolsVersion = 13.2.1;
						TestTargetID = 629B5A4127B734EE00DAB283;
					};
				};
			};
			buildConfigurationList = 629B5A3D27B734EE00DAB283 /* Build configuration list for PBXProject "Flix" */;
			compatibilityVersion = "Xcode 13.0";
			developmentRegion = en;
			hasScannedForEncodings = 0;
			knownRegions = (
				en,
				Base,
			);
			mainGroup = 629B5A3927B734EE00DAB283;
			packageReferences = (
				628A1B9C27BDDBE600A99E98 /* XCRemoteSwiftPackageReference "AlamofireImage" */,
			);
			productRefGroup = 629B5A4327B734EE00DAB283 /* Products */;
			projectDirPath = "";
			projectRoot = "";
			targets = (
				629B5A4127B734EE00DAB283 /* Flix */,
				629B5A5727B734F500DAB283 /* FlixTests */,
				629B5A6127B734F500DAB283 /* FlixUITests */,
			);
		};
/* End PBXProject section */

/* Begin PBXResourcesBuildPhase section */
		629B5A4027B734EE00DAB283 /* Resources */ = {
			isa = PBXResourcesBuildPhase;
			buildActionMask = 2147483647;
			files = (
				629B5A5227B734F400DAB283 /* LaunchScreen.storyboard in Resources */,
				629B5A4F27B734F400DAB283 /* Assets.xcassets in Resources */,
				629B5A4D27B734EF00DAB283 /* Main.storyboard in Resources */,
			);
			runOnlyForDeploymentPostprocessing = 0;
		};
		629B5A5627B734F500DAB283 /* Resources */ = {
			isa = PBXResourcesBuildPhase;
			buildActionMask = 2147483647;
			files = (
			);
			runOnlyForDeploymentPostprocessing = 0;
		};
		629B5A6027B734F500DAB283 /* Resources */ = {
			isa = PBXResourcesBuildPhase;
			buildActionMask = 2147483647;
			files = (
			);
			runOnlyForDeploymentPostprocessing = 0;
		};
/* End PBXResourcesBuildPhase section */

/* Begin PBXSourcesBuildPhase section */
		629B5A3E27B734EE00DAB283 /* Sources */ = {
			isa = PBXSourcesBuildPhase;
			buildActionMask = 2147483647;
			files = (
				629B5A4A27B734EE00DAB283 /* ViewController.swift in Sources */,
				629B5A4627B734EE00DAB283 /* AppDelegate.swift in Sources */,
				628A1BA027C54A7200A99E98 /* MovieDetailsViewController.swift in Sources */,
				628A1BA227C5676200A99E98 /* MovieGridViewController.swift in Sources */,
				628A1BA427C7039200A99E98 /* MovieGridCell.swift in Sources */,
				629B5A4827B734EE00DAB283 /* SceneDelegate.swift in Sources */,
				628A1B9B27BDD89C00A99E98 /* MovieCell.swift in Sources */,
				628A1B9927BDD09900A99E98 /* MovieViewController.swift in Sources */,
			);
			runOnlyForDeploymentPostprocessing = 0;
		};
		629B5A5427B734F500DAB283 /* Sources */ = {
			isa = PBXSourcesBuildPhase;
			buildActionMask = 2147483647;
			files = (
				629B5A5D27B734F500DAB283 /* FlixTests.swift in Sources */,
			);
			runOnlyForDeploymentPostprocessing = 0;
		};
		629B5A5E27B734F500DAB283 /* Sources */ = {
			isa = PBXSourcesBuildPhase;
			buildActionMask = 2147483647;
			files = (
				629B5A6727B734F500DAB283 /* FlixUITests.swift in Sources */,
				629B5A6927B734F500DAB283 /* FlixUITestsLaunchTests.swift in Sources */,
			);
			runOnlyForDeploymentPostprocessing = 0;
		};
/* End PBXSourcesBuildPhase section */

/* Begin PBXTargetDependency section */
		629B5A5A27B734F500DAB283 /* PBXTargetDependency */ = {
			isa = PBXTargetDependency;
			target = 629B5A4127B734EE00DAB283 /* Flix */;
			targetProxy = 629B5A5927B734F500DAB283 /* PBXContainerItemProxy */;
		};
		629B5A6427B734F500DAB283 /* PBXTargetDependency */ = {
			isa = PBXTargetDependency;
			target = 629B5A4127B734EE00DAB283 /* Flix */;
			targetProxy = 629B5A6327B734F500DAB283 /* PBXContainerItemProxy */;
		};
/* End PBXTargetDependency section */

/* Begin PBXVariantGroup section */
		629B5A4B27B734EF00DAB283 /* Main.storyboard */ = {
			isa = PBXVariantGroup;
			children = (
				629B5A4C27B734EF00DAB283 /* Base */,
			);
			name = Main.storyboard;
			sourceTree = "<group>";
		};
		629B5A5027B734F400DAB283 /* LaunchScreen.storyboard */ = {
			isa = PBXVariantGroup;
			children = (
				629B5A5127B734F400DAB283 /* Base */,
			);
			name = LaunchScreen.storyboard;
			sourceTree = "<group>";
		};
/* End PBXVariantGroup section */

/* Begin XCBuildConfiguration section */
		629B5A6A27B734F500DAB283 /* Debug */ = {
			isa = XCBuildConfiguration;
			buildSettings = {
				ALWAYS_SEARCH_USER_PATHS = NO;
				CLANG_ANALYZER_NONNULL = YES;
				CLANG_ANALYZER_NUMBER_OBJECT_CONVERSION = YES_AGGRESSIVE;
				CLANG_CXX_LANGUAGE_STANDARD = "gnu++17";
				CLANG_CXX_LIBRARY = "libc++";
				CLANG_ENABLE_MODULES = YES;
				CLANG_ENABLE_OBJC_ARC = YES;
				CLANG_ENABLE_OBJC_WEAK = YES;
				CLANG_WARN_BLOCK_CAPTURE_AUTORELEASING = YES;
				CLANG_WARN_BOOL_CONVERSION = YES;
				CLANG_WARN_COMMA = YES;
				CLANG_WARN_CONSTANT_CONVERSION = YES;
				CLANG_WARN_DEPRECATED_OBJC_IMPLEMENTATIONS = YES;
				CLANG_WARN_DIRECT_OBJC_ISA_USAGE = YES_ERROR;
				CLANG_WARN_DOCUMENTATION_COMMENTS = YES;
				CLANG_WARN_EMPTY_BODY = YES;
				CLANG_WARN_ENUM_CONVERSION = YES;
				CLANG_WARN_INFINITE_RECURSION = YES;
				CLANG_WARN_INT_CONVERSION = YES;
				CLANG_WARN_NON_LITERAL_NULL_CONVERSION = YES;
				CLANG_WARN_OBJC_IMPLICIT_RETAIN_SELF = YES;
				CLANG_WARN_OBJC_LITERAL_CONVERSION = YES;
				CLANG_WARN_OBJC_ROOT_CLASS = YES_ERROR;
				CLANG_WARN_QUOTED_INCLUDE_IN_FRAMEWORK_HEADER = YES;
				CLANG_WARN_RANGE_LOOP_ANALYSIS = YES;
				CLANG_WARN_STRICT_PROTOTYPES = YES;
				CLANG_WARN_SUSPICIOUS_MOVE = YES;
				CLANG_WARN_UNGUARDED_AVAILABILITY = YES_AGGRESSIVE;
				CLANG_WARN_UNREACHABLE_CODE = YES;
				CLANG_WARN__DUPLICATE_METHOD_MATCH = YES;
				COPY_PHASE_STRIP = NO;
				DEBUG_INFORMATION_FORMAT = dwarf;
				ENABLE_STRICT_OBJC_MSGSEND = YES;
				ENABLE_TESTABILITY = YES;
				GCC_C_LANGUAGE_STANDARD = gnu11;
				GCC_DYNAMIC_NO_PIC = NO;
				GCC_NO_COMMON_BLOCKS = YES;
				GCC_OPTIMIZATION_LEVEL = 0;
				GCC_PREPROCESSOR_DEFINITIONS = (
					"DEBUG=1",
					"$(inherited)",
				);
				GCC_WARN_64_TO_32_BIT_CONVERSION = YES;
				GCC_WARN_ABOUT_RETURN_TYPE = YES_ERROR;
				GCC_WARN_UNDECLARED_SELECTOR = YES;
				GCC_WARN_UNINITIALIZED_AUTOS = YES_AGGRESSIVE;
				GCC_WARN_UNUSED_FUNCTION = YES;
				GCC_WARN_UNUSED_VARIABLE = YES;
				IPHONEOS_DEPLOYMENT_TARGET = 15.2;
				MTL_ENABLE_DEBUG_INFO = INCLUDE_SOURCE;
				MTL_FAST_MATH = YES;
				ONLY_ACTIVE_ARCH = YES;
				SDKROOT = iphoneos;
				SWIFT_ACTIVE_COMPILATION_CONDITIONS = DEBUG;
				SWIFT_OPTIMIZATION_LEVEL = "-Onone";
			};
			name = Debug;
		};
		629B5A6B27B734F500DAB283 /* Release */ = {
			isa = XCBuildConfiguration;
			buildSettings = {
				ALWAYS_SEARCH_USER_PATHS = NO;
				CLANG_ANALYZER_NONNULL = YES;
				CLANG_ANALYZER_NUMBER_OBJECT_CONVERSION = YES_AGGRESSIVE;
				CLANG_CXX_LANGUAGE_STANDARD = "gnu++17";
				CLANG_CXX_LIBRARY = "libc++";
				CLANG_ENABLE_MODULES = YES;
				CLANG_ENABLE_OBJC_ARC = YES;
				CLANG_ENABLE_OBJC_WEAK = YES;
				CLANG_WARN_BLOCK_CAPTURE_AUTORELEASING = YES;
				CLANG_WARN_BOOL_CONVERSION = YES;
				CLANG_WARN_COMMA = YES;
				CLANG_WARN_CONSTANT_CONVERSION = YES;
				CLANG_WARN_DEPRECATED_OBJC_IMPLEMENTATIONS = YES;
				CLANG_WARN_DIRECT_OBJC_ISA_USAGE = YES_ERROR;
				CLANG_WARN_DOCUMENTATION_COMMENTS = YES;
				CLANG_WARN_EMPTY_BODY = YES;
				CLANG_WARN_ENUM_CONVERSION = YES;
				CLANG_WARN_INFINITE_RECURSION = YES;
				CLANG_WARN_INT_CONVERSION = YES;
				CLANG_WARN_NON_LITERAL_NULL_CONVERSION = YES;
				CLANG_WARN_OBJC_IMPLICIT_RETAIN_SELF = YES;
				CLANG_WARN_OBJC_LITERAL_CONVERSION = YES;
				CLANG_WARN_OBJC_ROOT_CLASS = YES_ERROR;
				CLANG_WARN_QUOTED_INCLUDE_IN_FRAMEWORK_HEADER = YES;
				CLANG_WARN_RANGE_LOOP_ANALYSIS = YES;
				CLANG_WARN_STRICT_PROTOTYPES = YES;
				CLANG_WARN_SUSPICIOUS_MOVE = YES;
				CLANG_WARN_UNGUARDED_AVAILABILITY = YES_AGGRESSIVE;
				CLANG_WARN_UNREACHABLE_CODE = YES;
				CLANG_WARN__DUPLICATE_METHOD_MATCH = YES;
				COPY_PHASE_STRIP = NO;
				DEBUG_INFORMATION_FORMAT = "dwarf-with-dsym";
				ENABLE_NS_ASSERTIONS = NO;
				ENABLE_STRICT_OBJC_MSGSEND = YES;
				GCC_C_LANGUAGE_STANDARD = gnu11;
				GCC_NO_COMMON_BLOCKS = YES;
				GCC_WARN_64_TO_32_BIT_CONVERSION = YES;
				GCC_WARN_ABOUT_RETURN_TYPE = YES_ERROR;
				GCC_WARN_UNDECLARED_SELECTOR = YES;
				GCC_WARN_UNINITIALIZED_AUTOS = YES_AGGRESSIVE;
				GCC_WARN_UNUSED_FUNCTION = YES;
				GCC_WARN_UNUSED_VARIABLE = YES;
				IPHONEOS_DEPLOYMENT_TARGET = 15.2;
				MTL_ENABLE_DEBUG_INFO = NO;
				MTL_FAST_MATH = YES;
				SDKROOT = iphoneos;
				SWIFT_COMPILATION_MODE = wholemodule;
				SWIFT_OPTIMIZATION_LEVEL = "-O";
				VALIDATE_PRODUCT = YES;
			};
			name = Release;
		};
		629B5A6D27B734F500DAB283 /* Debug */ = {
			isa = XCBuildConfiguration;
			buildSettings = {
				ASSETCATALOG_COMPILER_APPICON_NAME = AppIcon;
				ASSETCATALOG_COMPILER_GLOBAL_ACCENT_COLOR_NAME = AccentColor;
				CODE_SIGN_STYLE = Automatic;
				CURRENT_PROJECT_VERSION = 1;
				GENERATE_INFOPLIST_FILE = YES;
				INFOPLIST_FILE = Flix/Info.plist;
				INFOPLIST_KEY_UIApplicationSupportsIndirectInputEvents = YES;
				INFOPLIST_KEY_UILaunchStoryboardName = LaunchScreen;
				INFOPLIST_KEY_UIMainStoryboardFile = Main;
				INFOPLIST_KEY_UISupportedInterfaceOrientations_iPad = "UIInterfaceOrientationPortrait UIInterfaceOrientationPortraitUpsideDown UIInterfaceOrientationLandscapeLeft UIInterfaceOrientationLandscapeRight";
				INFOPLIST_KEY_UISupportedInterfaceOrientations_iPhone = "UIInterfaceOrientationPortrait UIInterfaceOrientationLandscapeLeft UIInterfaceOrientationLandscapeRight";
				LD_RUNPATH_SEARCH_PATHS = (
					"$(inherited)",
					"@executable_path/Frameworks",
				);
				MARKETING_VERSION = 1.0;
				PRODUCT_BUNDLE_IDENTIFIER = com.mubdemohashin.Flix;
				PRODUCT_NAME = "$(TARGET_NAME)";
				SWIFT_EMIT_LOC_STRINGS = YES;
				SWIFT_VERSION = 5.0;
				TARGETED_DEVICE_FAMILY = "1,2";
			};
			name = Debug;
		};
		629B5A6E27B734F500DAB283 /* Release */ = {
			isa = XCBuildConfiguration;
			buildSettings = {
				ASSETCATALOG_COMPILER_APPICON_NAME = AppIcon;
				ASSETCATALOG_COMPILER_GLOBAL_ACCENT_COLOR_NAME = AccentColor;
				CODE_SIGN_STYLE = Automatic;
				CURRENT_PROJECT_VERSION = 1;
				GENERATE_INFOPLIST_FILE = YES;
				INFOPLIST_FILE = Flix/Info.plist;
				INFOPLIST_KEY_UIApplicationSupportsIndirectInputEvents = YES;
				INFOPLIST_KEY_UILaunchStoryboardName = LaunchScreen;
				INFOPLIST_KEY_UIMainStoryboardFile = Main;
				INFOPLIST_KEY_UISupportedInterfaceOrientations_iPad = "UIInterfaceOrientationPortrait UIInterfaceOrientationPortraitUpsideDown UIInterfaceOrientationLandscapeLeft UIInterfaceOrientationLandscapeRight";
				INFOPLIST_KEY_UISupportedInterfaceOrientations_iPhone = "UIInterfaceOrientationPortrait UIInterfaceOrientationLandscapeLeft UIInterfaceOrientationLandscapeRight";
				LD_RUNPATH_SEARCH_PATHS = (
					"$(inherited)",
					"@executable_path/Frameworks",
				);
				MARKETING_VERSION = 1.0;
				PRODUCT_BUNDLE_IDENTIFIER = com.mubdemohashin.Flix;
				PRODUCT_NAME = "$(TARGET_NAME)";
				SWIFT_EMIT_LOC_STRINGS = YES;
				SWIFT_VERSION = 5.0;
				TARGETED_DEVICE_FAMILY = "1,2";
			};
			name = Release;
		};
		629B5A7027B734F500DAB283 /* Debug */ = {
			isa = XCBuildConfiguration;
			buildSettings = {
				ALWAYS_EMBED_SWIFT_STANDARD_LIBRARIES = YES;
				BUNDLE_LOADER = "$(TEST_HOST)";
				CODE_SIGN_STYLE = Automatic;
				CURRENT_PROJECT_VERSION = 1;
				GENERATE_INFOPLIST_FILE = YES;
				IPHONEOS_DEPLOYMENT_TARGET = 15.2;
				MARKETING_VERSION = 1.0;
				PRODUCT_BUNDLE_IDENTIFIER = com.mubdemohashin.FlixTests;
				PRODUCT_NAME = "$(TARGET_NAME)";
				SWIFT_EMIT_LOC_STRINGS = NO;
				SWIFT_VERSION = 5.0;
				TARGETED_DEVICE_FAMILY = "1,2";
				TEST_HOST = "$(BUILT_PRODUCTS_DIR)/Flix.app/Flix";
			};
			name = Debug;
		};
		629B5A7127B734F500DAB283 /* Release */ = {
			isa = XCBuildConfiguration;
			buildSettings = {
				ALWAYS_EMBED_SWIFT_STANDARD_LIBRARIES = YES;
				BUNDLE_LOADER = "$(TEST_HOST)";
				CODE_SIGN_STYLE = Automatic;
				CURRENT_PROJECT_VERSION = 1;
				GENERATE_INFOPLIST_FILE = YES;
				IPHONEOS_DEPLOYMENT_TARGET = 15.2;
				MARKETING_VERSION = 1.0;
				PRODUCT_BUNDLE_IDENTIFIER = com.mubdemohashin.FlixTests;
				PRODUCT_NAME = "$(TARGET_NAME)";
				SWIFT_EMIT_LOC_STRINGS = NO;
				SWIFT_VERSION = 5.0;
				TARGETED_DEVICE_FAMILY = "1,2";
				TEST_HOST = "$(BUILT_PRODUCTS_DIR)/Flix.app/Flix";
			};
			name = Release;
		};
		629B5A7327B734F500DAB283 /* Debug */ = {
			isa = XCBuildConfiguration;
			buildSettings = {
				ALWAYS_EMBED_SWIFT_STANDARD_LIBRARIES = YES;
				CODE_SIGN_STYLE = Automatic;
				CURRENT_PROJECT_VERSION = 1;
				GENERATE_INFOPLIST_FILE = YES;
				MARKETING_VERSION = 1.0;
				PRODUCT_BUNDLE_IDENTIFIER = com.mubdemohashin.FlixUITests;
				PRODUCT_NAME = "$(TARGET_NAME)";
				SWIFT_EMIT_LOC_STRINGS = NO;
				SWIFT_VERSION = 5.0;
				TARGETED_DEVICE_FAMILY = "1,2";
				TEST_TARGET_NAME = Flix;
			};
			name = Debug;
		};
		629B5A7427B734F500DAB283 /* Release */ = {
			isa = XCBuildConfiguration;
			buildSettings = {
				ALWAYS_EMBED_SWIFT_STANDARD_LIBRARIES = YES;
				CODE_SIGN_STYLE = Automatic;
				CURRENT_PROJECT_VERSION = 1;
				GENERATE_INFOPLIST_FILE = YES;
				MARKETING_VERSION = 1.0;
				PRODUCT_BUNDLE_IDENTIFIER = com.mubdemohashin.FlixUITests;
				PRODUCT_NAME = "$(TARGET_NAME)";
				SWIFT_EMIT_LOC_STRINGS = NO;
				SWIFT_VERSION = 5.0;
				TARGETED_DEVICE_FAMILY = "1,2";
				TEST_TARGET_NAME = Flix;
			};
			name = Release;
		};
/* End XCBuildConfiguration section */

/* Begin XCConfigurationList section */
		629B5A3D27B734EE00DAB283 /* Build configuration list for PBXProject "Flix" */ = {
			isa = XCConfigurationList;
			buildConfigurations = (
				629B5A6A27B734F500DAB283 /* Debug */,
				629B5A6B27B734F500DAB283 /* Release */,
			);
			defaultConfigurationIsVisible = 0;
			defaultConfigurationName = Release;
		};
		629B5A6C27B734F500DAB283 /* Build configuration list for PBXNativeTarget "Flix" */ = {
			isa = XCConfigurationList;
			buildConfigurations = (
				629B5A6D27B734F500DAB283 /* Debug */,
				629B5A6E27B734F500DAB283 /* Release */,
			);
			defaultConfigurationIsVisible = 0;
			defaultConfigurationName = Release;
		};
		629B5A6F27B734F500DAB283 /* Build configuration list for PBXNativeTarget "FlixTests" */ = {
			isa = XCConfigurationList;
			buildConfigurations = (
				629B5A7027B734F500DAB283 /* Debug */,
				629B5A7127B734F500DAB283 /* Release */,
			);
			defaultConfigurationIsVisible = 0;
			defaultConfigurationName = Release;
		};
		629B5A7227B734F500DAB283 /* Build configuration list for PBXNativeTarget "FlixUITests" */ = {
			isa = XCConfigurationList;
			buildConfigurations = (
				629B5A7327B734F500DAB283 /* Debug */,
				629B5A7427B734F500DAB283 /* Release */,
			);
			defaultConfigurationIsVisible = 0;
			defaultConfigurationName = Release;
		};
/* End XCConfigurationList section */

/* Begin XCRemoteSwiftPackageReference section */
		628A1B9C27BDDBE600A99E98 /* XCRemoteSwiftPackageReference "AlamofireImage" */ = {
			isa = XCRemoteSwiftPackageReference;
			repositoryURL = "https://github.com/Alamofire/AlamofireImage";
			requirement = {
				kind = upToNextMajorVersion;
				minimumVersion = 4.0.0;
			};
		};
/* End XCRemoteSwiftPackageReference section */

/* Begin XCSwiftPackageProductDependency section */
		628A1B9D27BDDBE600A99E98 /* AlamofireImage */ = {
			isa = XCSwiftPackageProductDependency;
			package = 628A1B9C27BDDBE600A99E98 /* XCRemoteSwiftPackageReference "AlamofireImage" */;
			productName = AlamofireImage;
		};
/* End XCSwiftPackageProductDependency section */
	};
	rootObject = 629B5A3A27B734EE00DAB283 /* Project object */;
}
